
Microsoft Visual Studio Solution File, Format Version 12.00
# Visual Studio Version 17
VisualStudioVersion = 17.14.36518.9 d17.14
MinimumVisualStudioVersion = 10.0.40219.1
Project("{FAE04EC0-301F-11D3-BF4B-00C04F79EFBC}") = "exPagamento", "exPagamento\exPagamento.csproj", "{B8C89E43-15AC-4553-A769-EE6AA38D8FE9}"
EndProject
Global
	GlobalSection(SolutionConfigurationPlatforms) = preSolution
		Debug|Any CPU = Debug|Any CPU
		Release|Any CPU = Release|Any CPU
	EndGlobalSection
	GlobalSection(ProjectConfigurationPlatforms) = postSolution
		{B8C89E43-15AC-4553-A769-EE6AA38D8FE9}.Debug|Any CPU.ActiveCfg = Debug|Any CPU
		{B8C89E43-15AC-4553-A769-EE6AA38D8FE9}.Debug|Any CPU.Build.0 = Debug|Any CPU
		{B8C89E43-15AC-4553-A769-EE6AA38D8FE9}.Release|Any CPU.ActiveCfg = Release|Any CPU
		{B8C89E43-15AC-4553-A769-EE6AA38D8FE9}.Release|Any CPU.Build.0 = Release|Any CPU
	EndGlobalSection
	GlobalSection(SolutionProperties) = preSolution
		HideSolutionNode = FALSE
	EndGlobalSection
	GlobalSection(ExtensibilityGlobals) = postSolution
		SolutionGuid = {0B81FFF5-ED82-4225-8DDE-05F0F785C34D}
	EndGlobalSection
EndGlobal
