
Microsoft Visual Studio Solution File, Format Version 12.00
# Visual Studio Version 17
VisualStudioVersion = 17.14.36518.9 d17.14
MinimumVisualStudioVersion = 10.0.40219.1
Project("{FAE04EC0-301F-11D3-BF4B-00C04F79EFBC}") = "ex1", "ex1\ex1.csproj", "{CA69592D-A901-48AE-B6FB-3B9EE00F3D57}"
EndProject
Global
	GlobalSection(SolutionConfigurationPlatforms) = preSolution
		Debug|Any CPU = Debug|Any CPU
		Release|Any CPU = Release|Any CPU
	EndGlobalSection
	GlobalSection(ProjectConfigurationPlatforms) = postSolution
		{CA69592D-A901-48AE-B6FB-3B9EE00F3D57}.Debug|Any CPU.ActiveCfg = Debug|Any CPU
		{CA69592D-A901-48AE-B6FB-3B9EE00F3D57}.Debug|Any CPU.Build.0 = Debug|Any CPU
		{CA69592D-A901-48AE-B6FB-3B9EE00F3D57}.Release|Any CPU.ActiveCfg = Release|Any CPU
		{CA69592D-A901-48AE-B6FB-3B9EE00F3D57}.Release|Any CPU.Build.0 = Release|Any CPU
	EndGlobalSection
	GlobalSection(SolutionProperties) = preSolution
		HideSolutionNode = FALSE
	EndGlobalSection
	GlobalSection(ExtensibilityGlobals) = postSolution
		SolutionGuid = {86F1C50A-730A-403C-ADBF-E16CE096AD93}
	EndGlobalSection
EndGlobal
