
Microsoft Visual Studio Solution File, Format Version 12.00
# Visual Studio Version 17
VisualStudioVersion = 17.14.36518.9 d17.14
MinimumVisualStudioVersion = 10.0.40219.1
Project("{FAE04EC0-301F-11D3-BF4B-00C04F79EFBC}") = "jogoDaVelha", "jogoDaVelha\jogoDaVelha.csproj", "{387348DF-35DB-411B-A9E8-099903B02FB0}"
EndProject
Global
	GlobalSection(SolutionConfigurationPlatforms) = preSolution
		Debug|Any CPU = Debug|Any CPU
		Release|Any CPU = Release|Any CPU
	EndGlobalSection
	GlobalSection(ProjectConfigurationPlatforms) = postSolution
		{387348DF-35DB-411B-A9E8-099903B02FB0}.Debug|Any CPU.ActiveCfg = Debug|Any CPU
		{387348DF-35DB-411B-A9E8-099903B02FB0}.Debug|Any CPU.Build.0 = Debug|Any CPU
		{387348DF-35DB-411B-A9E8-099903B02FB0}.Release|Any CPU.ActiveCfg = Release|Any CPU
		{387348DF-35DB-411B-A9E8-099903B02FB0}.Release|Any CPU.Build.0 = Release|Any CPU
	EndGlobalSection
	GlobalSection(SolutionProperties) = preSolution
		HideSolutionNode = FALSE
	EndGlobalSection
	GlobalSection(ExtensibilityGlobals) = postSolution
		SolutionGuid = {B4177D60-21D1-4B81-913B-303EE0613F1B}
	EndGlobalSection
EndGlobal
